
Microsoft Visual Studio Solution File, Format Version 12.00
# Visual Studio Version 16
VisualStudioVersion = 16.0.31424.327
MinimumVisualStudioVersion = 10.0.40219.1
Project("{FAE04EC0-301F-11D3-BF4B-00C04F79EFBC}") = "Lesson 13.1", "Lesson 13.1\Lesson 13.1.csproj", "{70E2DA9E-26F4-4115-8122-78483C404DA8}"
EndProject
Global
	GlobalSection(SolutionConfigurationPlatforms) = preSolution
		Debug|Any CPU = Debug|Any CPU
		Release|Any CPU = Release|Any CPU
	EndGlobalSection
	GlobalSection(ProjectConfigurationPlatforms) = postSolution
		{70E2DA9E-26F4-4115-8122-78483C404DA8}.Debug|Any CPU.ActiveCfg = Debug|Any CPU
		{70E2DA9E-26F4-4115-8122-78483C404DA8}.Debug|Any CPU.Build.0 = Debug|Any CPU
		{70E2DA9E-26F4-4115-8122-78483C404DA8}.Release|Any CPU.ActiveCfg = Release|Any CPU
		{70E2DA9E-26F4-4115-8122-78483C404DA8}.Release|Any CPU.Build.0 = Release|Any CPU
	EndGlobalSection
	GlobalSection(SolutionProperties) = preSolution
		HideSolutionNode = FALSE
	EndGlobalSection
	GlobalSection(ExtensibilityGlobals) = postSolution
		SolutionGuid = {FD6AA538-6AA9-4608-83DB-38C976469213}
	EndGlobalSection
EndGlobal
